
Microsoft Visual Studio Solution File, Format Version 12.00
# Visual Studio Version 17
VisualStudioVersion = 17.4.33103.184
MinimumVisualStudioVersion = 10.0.40219.1
Project("{FAE04EC0-301F-11D3-BF4B-00C04F79EFBC}") = "DesignImplementation", "DesignImplementation\DesignImplementation.csproj", "{1DB84C63-7845-4142-A0FE-95DF2544C7D1}"
EndProject
Global
	GlobalSection(SolutionConfigurationPlatforms) = preSolution
		Debug|Any CPU = Debug|Any CPU
		Release|Any CPU = Release|Any CPU
	EndGlobalSection
	GlobalSection(ProjectConfigurationPlatforms) = postSolution
		{1DB84C63-7845-4142-A0FE-95DF2544C7D1}.Debug|Any CPU.ActiveCfg = Debug|Any CPU
		{1DB84C63-7845-4142-A0FE-95DF2544C7D1}.Debug|Any CPU.Build.0 = Debug|Any CPU
		{1DB84C63-7845-4142-A0FE-95DF2544C7D1}.Release|Any CPU.ActiveCfg = Release|Any CPU
		{1DB84C63-7845-4142-A0FE-95DF2544C7D1}.Release|Any CPU.Build.0 = Release|Any CPU
	EndGlobalSection
	GlobalSection(SolutionProperties) = preSolution
		HideSolutionNode = FALSE
	EndGlobalSection
	GlobalSection(ExtensibilityGlobals) = postSolution
		SolutionGuid = {09089653-808B-4079-90FC-65976E8A84DD}
	EndGlobalSection
EndGlobal
